
Microsoft Visual Studio Solution File, Format Version 12.00
# Visual Studio Version 17
VisualStudioVersion = 17.13.35919.96 d17.13
MinimumVisualStudioVersion = 10.0.40219.1
Project("{FAE04EC0-301F-11D3-BF4B-00C04F79EFBC}") = "MySQLLab", "MySQLLab\MySQLLab.csproj", "{A4833E84-23BD-4918-9061-B40431C5DECB}"
EndProject
Global
	GlobalSection(SolutionConfigurationPlatforms) = preSolution
		Debug|Any CPU = Debug|Any CPU
		Release|Any CPU = Release|Any CPU
	EndGlobalSection
	GlobalSection(ProjectConfigurationPlatforms) = postSolution
		{A4833E84-23BD-4918-9061-B40431C5DECB}.Debug|Any CPU.ActiveCfg = Debug|Any CPU
		{A4833E84-23BD-4918-9061-B40431C5DECB}.Debug|Any CPU.Build.0 = Debug|Any CPU
		{A4833E84-23BD-4918-9061-B40431C5DECB}.Release|Any CPU.ActiveCfg = Release|Any CPU
		{A4833E84-23BD-4918-9061-B40431C5DECB}.Release|Any CPU.Build.0 = Release|Any CPU
	EndGlobalSection
	GlobalSection(SolutionProperties) = preSolution
		HideSolutionNode = FALSE
	EndGlobalSection
	GlobalSection(ExtensibilityGlobals) = postSolution
		SolutionGuid = {383E88B0-9655-4A65-8147-611E44250FDC}
	EndGlobalSection
EndGlobal
